
Microsoft Visual Studio Solution File, Format Version 12.00
# Visual Studio Version 17
VisualStudioVersion = 17.12.35209.166
MinimumVisualStudioVersion = 10.0.40219.1
Project("{9A19103F-16F7-4668-BE54-9A1E7A4F7556}") = "Capa_Presentacion", "Plantilla_Sistema_Facturacion\Capa_Presentacion.csproj", "{5CE1EE56-A7F6-4074-9DBB-C8D47424E862}"
EndProject
Project("{FAE04EC0-301F-11D3-BF4B-00C04F79EFBC}") = "Capa_AccesoDatos", "Capa_AccesoDatos\Capa_AccesoDatos.csproj", "{A7CD1BEF-992F-4E95-AFB3-D0499AC47CD5}"
EndProject
Project("{FAE04EC0-301F-11D3-BF4B-00C04F79EFBC}") = "Capa_LogicaNegocios", "Capa_LogicaNegocios\Capa_LogicaNegocios.csproj", "{A2A7DFC8-F851-44E4-8A8F-823B423FF01B}"
EndProject
Global
	GlobalSection(SolutionConfigurationPlatforms) = preSolution
		Debug|Any CPU = Debug|Any CPU
		Release|Any CPU = Release|Any CPU
	EndGlobalSection
	GlobalSection(ProjectConfigurationPlatforms) = postSolution
		{5CE1EE56-A7F6-4074-9DBB-C8D47424E862}.Debug|Any CPU.ActiveCfg = Debug|Any CPU
		{5CE1EE56-A7F6-4074-9DBB-C8D47424E862}.Debug|Any CPU.Build.0 = Debug|Any CPU
		{5CE1EE56-A7F6-4074-9DBB-C8D47424E862}.Release|Any CPU.ActiveCfg = Release|Any CPU
		{5CE1EE56-A7F6-4074-9DBB-C8D47424E862}.Release|Any CPU.Build.0 = Release|Any CPU
		{A7CD1BEF-992F-4E95-AFB3-D0499AC47CD5}.Debug|Any CPU.ActiveCfg = Debug|Any CPU
		{A7CD1BEF-992F-4E95-AFB3-D0499AC47CD5}.Debug|Any CPU.Build.0 = Debug|Any CPU
		{A7CD1BEF-992F-4E95-AFB3-D0499AC47CD5}.Release|Any CPU.ActiveCfg = Release|Any CPU
		{A7CD1BEF-992F-4E95-AFB3-D0499AC47CD5}.Release|Any CPU.Build.0 = Release|Any CPU
		{A2A7DFC8-F851-44E4-8A8F-823B423FF01B}.Debug|Any CPU.ActiveCfg = Debug|Any CPU
		{A2A7DFC8-F851-44E4-8A8F-823B423FF01B}.Debug|Any CPU.Build.0 = Debug|Any CPU
		{A2A7DFC8-F851-44E4-8A8F-823B423FF01B}.Release|Any CPU.ActiveCfg = Release|Any CPU
		{A2A7DFC8-F851-44E4-8A8F-823B423FF01B}.Release|Any CPU.Build.0 = Release|Any CPU
	EndGlobalSection
	GlobalSection(SolutionProperties) = preSolution
		HideSolutionNode = FALSE
	EndGlobalSection
	GlobalSection(ExtensibilityGlobals) = postSolution
		SolutionGuid = {F96F154D-3F45-44CC-BCD6-D589C41D021C}
	EndGlobalSection
EndGlobal
